
Microsoft Visual Studio Solution File, Format Version 12.00
# Visual Studio Version 17
VisualStudioVersion = 17.0.32014.148
MinimumVisualStudioVersion = 10.0.40219.1
Project("{54A90642-561A-4BB1-A94E-469ADEE60C69}") = "danelfy", "danelfy\danelfy.esproj", "{A9D475B8-BA9C-451D-8F20-E7A1B88A02A7}"
EndProject
Project("{9092AA53-FB77-4645-B42D-1CCCA6BD08BD}") = "server", "server\server.njsproj", "{11EA6232-188E-4491-A351-692C9C1ED2BC}"
EndProject
Global
	GlobalSection(SolutionConfigurationPlatforms) = preSolution
		Debug|Any CPU = Debug|Any CPU
		Release|Any CPU = Release|Any CPU
	EndGlobalSection
	GlobalSection(ProjectConfigurationPlatforms) = postSolution
		{A9D475B8-BA9C-451D-8F20-E7A1B88A02A7}.Debug|Any CPU.ActiveCfg = Debug|Any CPU
		{A9D475B8-BA9C-451D-8F20-E7A1B88A02A7}.Debug|Any CPU.Build.0 = Debug|Any CPU
		{A9D475B8-BA9C-451D-8F20-E7A1B88A02A7}.Debug|Any CPU.Deploy.0 = Debug|Any CPU
		{A9D475B8-BA9C-451D-8F20-E7A1B88A02A7}.Release|Any CPU.ActiveCfg = Release|Any CPU
		{A9D475B8-BA9C-451D-8F20-E7A1B88A02A7}.Release|Any CPU.Build.0 = Release|Any CPU
		{A9D475B8-BA9C-451D-8F20-E7A1B88A02A7}.Release|Any CPU.Deploy.0 = Release|Any CPU
		{11EA6232-188E-4491-A351-692C9C1ED2BC}.Debug|Any CPU.ActiveCfg = Debug|Any CPU
		{11EA6232-188E-4491-A351-692C9C1ED2BC}.Debug|Any CPU.Build.0 = Debug|Any CPU
		{11EA6232-188E-4491-A351-692C9C1ED2BC}.Release|Any CPU.ActiveCfg = Release|Any CPU
		{11EA6232-188E-4491-A351-692C9C1ED2BC}.Release|Any CPU.Build.0 = Release|Any CPU
	EndGlobalSection
	GlobalSection(SolutionProperties) = preSolution
		HideSolutionNode = FALSE
	EndGlobalSection
	GlobalSection(ExtensibilityGlobals) = postSolution
		SolutionGuid = {77B9A5FE-4F24-4F45-9502-00A762C61193}
	EndGlobalSection
EndGlobal
